
Microsoft Visual Studio Solution File, Format Version 12.00
# Visual Studio Version 16
VisualStudioVersion = 16.0.29806.167
MinimumVisualStudioVersion = 10.0.40219.1
Project("{FAE04EC0-301F-11D3-BF4B-00C04F79EFBC}") = "Data", "Data\Data.csproj", "{34AE2F1D-989D-4BAB-9153-2DBA7E13AF18}"
EndProject
Project("{FAE04EC0-301F-11D3-BF4B-00C04F79EFBC}") = "DataTests", "DataTests\DataTests.csproj", "{1ABC0C2D-4088-4791-B2EA-6F3199B45086}"
EndProject
Project("{FAE04EC0-301F-11D3-BF4B-00C04F79EFBC}") = "PointOfSale", "PointOfSale\PointOfSale.csproj", "{A940718A-8BCC-4DD0-845E-F063CB295B89}"
EndProject
Global
	GlobalSection(SolutionConfigurationPlatforms) = preSolution
		Debug|Any CPU = Debug|Any CPU
		Release|Any CPU = Release|Any CPU
	EndGlobalSection
	GlobalSection(ProjectConfigurationPlatforms) = postSolution
		{34AE2F1D-989D-4BAB-9153-2DBA7E13AF18}.Debug|Any CPU.ActiveCfg = Debug|Any CPU
		{34AE2F1D-989D-4BAB-9153-2DBA7E13AF18}.Debug|Any CPU.Build.0 = Debug|Any CPU
		{34AE2F1D-989D-4BAB-9153-2DBA7E13AF18}.Release|Any CPU.ActiveCfg = Release|Any CPU
		{34AE2F1D-989D-4BAB-9153-2DBA7E13AF18}.Release|Any CPU.Build.0 = Release|Any CPU
		{1ABC0C2D-4088-4791-B2EA-6F3199B45086}.Debug|Any CPU.ActiveCfg = Debug|Any CPU
		{1ABC0C2D-4088-4791-B2EA-6F3199B45086}.Debug|Any CPU.Build.0 = Debug|Any CPU
		{1ABC0C2D-4088-4791-B2EA-6F3199B45086}.Release|Any CPU.ActiveCfg = Release|Any CPU
		{1ABC0C2D-4088-4791-B2EA-6F3199B45086}.Release|Any CPU.Build.0 = Release|Any CPU
		{A940718A-8BCC-4DD0-845E-F063CB295B89}.Debug|Any CPU.ActiveCfg = Debug|Any CPU
		{A940718A-8BCC-4DD0-845E-F063CB295B89}.Debug|Any CPU.Build.0 = Debug|Any CPU
		{A940718A-8BCC-4DD0-845E-F063CB295B89}.Release|Any CPU.ActiveCfg = Release|Any CPU
		{A940718A-8BCC-4DD0-845E-F063CB295B89}.Release|Any CPU.Build.0 = Release|Any CPU
	EndGlobalSection
	GlobalSection(SolutionProperties) = preSolution
		HideSolutionNode = FALSE
	EndGlobalSection
	GlobalSection(ExtensibilityGlobals) = postSolution
		SolutionGuid = {33C55A6A-11D9-40D5-95D9-0C33956A9818}
	EndGlobalSection
EndGlobal
